
Microsoft Visual Studio Solution File, Format Version 12.00
# Visual Studio 14
VisualStudioVersion = 14.0.25420.1
MinimumVisualStudioVersion = 10.0.40219.1
Project("{FAE04EC0-301F-11D3-BF4B-00C04F79EFBC}") = "GameUtils", "MonoGameUtils\GameUtils.csproj", "{26D0B7BC-0FDE-4D69-8767-AFEABF60232A}"
EndProject
Project("{FAE04EC0-301F-11D3-BF4B-00C04F79EFBC}") = "GameUtilsSample", "GameUtilsSample\GameUtilsSample.csproj", "{A7B172E1-54B6-4AE3-9AF9-72A521D3A0C8}"
EndProject
Project("{FAE04EC0-301F-11D3-BF4B-00C04F79EFBC}") = "MonoGameUtilsContentPipeline", "MonoGameUtilsContentPipeline\MonoGameUtilsContentPipeline.csproj", "{BF4400F5-47EE-42BF-920B-24A60D6AFA38}"
EndProject
Global
	GlobalSection(SolutionConfigurationPlatforms) = preSolution
		Debug|Any CPU = Debug|Any CPU
		Debug|x86 = Debug|x86
		Release|Any CPU = Release|Any CPU
		Release|x86 = Release|x86
	EndGlobalSection
	GlobalSection(ProjectConfigurationPlatforms) = postSolution
		{26D0B7BC-0FDE-4D69-8767-AFEABF60232A}.Debug|Any CPU.ActiveCfg = Debug|Any CPU
		{26D0B7BC-0FDE-4D69-8767-AFEABF60232A}.Debug|Any CPU.Build.0 = Debug|Any CPU
		{26D0B7BC-0FDE-4D69-8767-AFEABF60232A}.Debug|x86.ActiveCfg = Debug|Any CPU
		{26D0B7BC-0FDE-4D69-8767-AFEABF60232A}.Debug|x86.Build.0 = Debug|Any CPU
		{26D0B7BC-0FDE-4D69-8767-AFEABF60232A}.Release|Any CPU.ActiveCfg = Release|Any CPU
		{26D0B7BC-0FDE-4D69-8767-AFEABF60232A}.Release|Any CPU.Build.0 = Release|Any CPU
		{26D0B7BC-0FDE-4D69-8767-AFEABF60232A}.Release|x86.ActiveCfg = Release|Any CPU
		{26D0B7BC-0FDE-4D69-8767-AFEABF60232A}.Release|x86.Build.0 = Release|Any CPU
		{A7B172E1-54B6-4AE3-9AF9-72A521D3A0C8}.Debug|Any CPU.ActiveCfg = Debug|x86
		{A7B172E1-54B6-4AE3-9AF9-72A521D3A0C8}.Debug|x86.ActiveCfg = Debug|x86
		{A7B172E1-54B6-4AE3-9AF9-72A521D3A0C8}.Debug|x86.Build.0 = Debug|x86
		{A7B172E1-54B6-4AE3-9AF9-72A521D3A0C8}.Release|Any CPU.ActiveCfg = Release|x86
		{A7B172E1-54B6-4AE3-9AF9-72A521D3A0C8}.Release|x86.ActiveCfg = Release|x86
		{A7B172E1-54B6-4AE3-9AF9-72A521D3A0C8}.Release|x86.Build.0 = Release|x86
		{BF4400F5-47EE-42BF-920B-24A60D6AFA38}.Debug|Any CPU.ActiveCfg = Debug|Any CPU
		{BF4400F5-47EE-42BF-920B-24A60D6AFA38}.Debug|Any CPU.Build.0 = Debug|Any CPU
		{BF4400F5-47EE-42BF-920B-24A60D6AFA38}.Debug|x86.ActiveCfg = Debug|Any CPU
		{BF4400F5-47EE-42BF-920B-24A60D6AFA38}.Debug|x86.Build.0 = Debug|Any CPU
		{BF4400F5-47EE-42BF-920B-24A60D6AFA38}.Release|Any CPU.ActiveCfg = Release|Any CPU
		{BF4400F5-47EE-42BF-920B-24A60D6AFA38}.Release|Any CPU.Build.0 = Release|Any CPU
		{BF4400F5-47EE-42BF-920B-24A60D6AFA38}.Release|x86.ActiveCfg = Release|Any CPU
		{BF4400F5-47EE-42BF-920B-24A60D6AFA38}.Release|x86.Build.0 = Release|Any CPU
	EndGlobalSection
	GlobalSection(SolutionProperties) = preSolution
		HideSolutionNode = FALSE
	EndGlobalSection
EndGlobal
